
Microsoft Visual Studio Solution File, Format Version 12.00
# Visual Studio Version 17
VisualStudioVersion = 17.11.35327.3
MinimumVisualStudioVersion = 10.0.40219.1
Project("{2150E333-8FDC-42A3-9474-1A3956D46DE8}") = "Task0", "Task0", "{138BA768-07AF-40FE-BF0B-4EF3DD77D638}"
EndProject
Project("{2150E333-8FDC-42A3-9474-1A3956D46DE8}") = "Task1", "Task1", "{521D646E-AE11-4471-AF53-F88937EB712D}"
EndProject
Project("{2150E333-8FDC-42A3-9474-1A3956D46DE8}") = "Task2", "Task2", "{BC8C10A5-170E-434F-B510-E3E583B28D03}"
EndProject
Project("{2150E333-8FDC-42A3-9474-1A3956D46DE8}") = "Task3", "Task3", "{D14B0159-809C-439E-8D5D-C9447FC8ECD4}"
EndProject
Project("{2150E333-8FDC-42A3-9474-1A3956D46DE8}") = "Task4", "Task4", "{2B4608D3-27F3-449E-B7CE-24AA731121A0}"
EndProject
Project("{2150E333-8FDC-42A3-9474-1A3956D46DE8}") = "Task5", "Task5", "{FC3AF2FF-3BEC-48C4-9ECD-8B58B3F5EC1B}"
EndProject
Project("{2150E333-8FDC-42A3-9474-1A3956D46DE8}") = "Task6", "Task6", "{18B44396-8C93-476C-8468-17EE3248AF3F}"
EndProject
Project("{2150E333-8FDC-42A3-9474-1A3956D46DE8}") = "Task7", "Task7", "{B3034FD9-B505-4909-A31C-247F40243F8D}"
EndProject
Project("{FAE04EC0-301F-11D3-BF4B-00C04F79EFBC}") = "Tyuiu.KhrapkoDD.Sprint2.Task0.V1", "Tyuiu.KhrapkoDD.Sprint2.Task0.V1\Tyuiu.KhrapkoDD.Sprint2.Task0.V1.csproj", "{CDD805B1-AE33-4965-A50F-F84C100D792F}"
EndProject
Project("{FAE04EC0-301F-11D3-BF4B-00C04F79EFBC}") = "Tyuiu.KhrapkoDD.Sprint2.Task0.V1.Lib", "Tyuiu.KhrapkoDD.Sprint2.Task0.V1.Lib\Tyuiu.KhrapkoDD.Sprint2.Task0.V1.Lib.csproj", "{344872D7-8E99-4C42-AA58-012DF1DA0C2B}"
EndProject
Project("{FAE04EC0-301F-11D3-BF4B-00C04F79EFBC}") = "Tyuiu.KhrapkoDD.Sprint2.Task0.V1.Test", "Tyuiu.KhrapkoDD.Sprint2.Task0.V1.Test\Tyuiu.KhrapkoDD.Sprint2.Task0.V1.Test.csproj", "{11D55BE1-D28B-4DC9-A6A8-4E289EC096ED}"
EndProject
Project("{FAE04EC0-301F-11D3-BF4B-00C04F79EFBC}") = "Tyuiu.KhrapkoDD.Sprint2.Task1.V14", "Tyuiu.KhrapkoDD.Sprint2.Task1.V14\Tyuiu.KhrapkoDD.Sprint2.Task1.V14.csproj", "{20A42873-8F6F-4A09-9B55-946CEA19EFB5}"
EndProject
Project("{FAE04EC0-301F-11D3-BF4B-00C04F79EFBC}") = "Tyuiu.KhrapkoDD.Sprint2.Task1.V14.Test", "Tyuiu.KhrapkoDD.Sprint2.Task1.V14.Test\Tyuiu.KhrapkoDD.Sprint2.Task1.V14.Test.csproj", "{EF587D7F-3AC5-4CA3-9E2F-C84A21133FAC}"
EndProject
Project("{FAE04EC0-301F-11D3-BF4B-00C04F79EFBC}") = "Tyuiu.KhrapkoDD.Sprint2.Task1.V14.Lib", "Tyuiu.KhrapkoDD.Sprint2.Task1.V14.Lib\Tyuiu.KhrapkoDD.Sprint2.Task1.V14.Lib.csproj", "{81C7E2B4-B655-41A6-AFF0-7936C1AF5216}"
EndProject
Project("{FAE04EC0-301F-11D3-BF4B-00C04F79EFBC}") = "Tyuiu.KhrapkoDD.Sprint2.Task2.V2", "Tyuiu.KhrapkoDD.Sprint2.Task2.V2\Tyuiu.KhrapkoDD.Sprint2.Task2.V2.csproj", "{84EC327A-0EBB-44B9-B8BC-614DA9B767E7}"
EndProject
Project("{FAE04EC0-301F-11D3-BF4B-00C04F79EFBC}") = "Tyuiu.KhrapkoDD.Sprint2.Task2.V2.Lib", "Tyuiu.KhrapkoDD.Sprint2.Task2.V2.Lib\Tyuiu.KhrapkoDD.Sprint2.Task2.V2.Lib.csproj", "{6DAEDC49-AA71-4ACD-BB13-E566EF1A6724}"
EndProject
Project("{FAE04EC0-301F-11D3-BF4B-00C04F79EFBC}") = "Tyuiu.KhrapkoDD.Sprint2.Task2.V2.Test", "Tyuiu.KhrapkoDD.Sprint2.Task2.V2.Test\Tyuiu.KhrapkoDD.Sprint2.Task2.V2.Test.csproj", "{37E7E311-985C-414A-90CA-2E5759FAA33F}"
EndProject
Project("{FAE04EC0-301F-11D3-BF4B-00C04F79EFBC}") = "Tyuiu.KhrapkoDD.Sprint2.Task3.V25", "Tyuiu.KhrapkoDD.Sprint2.Task3.V25\Tyuiu.KhrapkoDD.Sprint2.Task3.V25.csproj", "{7CC1D19A-8DC1-4075-9935-801BB36AFEF0}"
EndProject
Project("{FAE04EC0-301F-11D3-BF4B-00C04F79EFBC}") = "Tyuiu.KhrapkoDD.Sprint2.Task3.V25.Lib", "Tyuiu.KhrapkoDD.Sprint2.Task3.V25.Lib\Tyuiu.KhrapkoDD.Sprint2.Task3.V25.Lib.csproj", "{41660A8E-AD11-4C90-912C-1EF1523EF1A0}"
EndProject
Project("{FAE04EC0-301F-11D3-BF4B-00C04F79EFBC}") = "Tyuiu.KhrapkoDD.Sprint2.Task3.V25.Test", "Tyuiu.KhrapkoDD.Sprint2.Task3.V25.Test\Tyuiu.KhrapkoDD.Sprint2.Task3.V25.Test.csproj", "{F5CC4F5F-C62B-4263-A7CC-75E385E4CE7A}"
EndProject
Project("{FAE04EC0-301F-11D3-BF4B-00C04F79EFBC}") = "Tyuiu.KhrapkoDD.Sprint2.Task4.V10", "Tyuiu.KhrapkoDD.Sprint2.Task4.V10\Tyuiu.KhrapkoDD.Sprint2.Task4.V10.csproj", "{73C6A8BC-26BC-4347-ADF8-7EA4E2542889}"
EndProject
Project("{FAE04EC0-301F-11D3-BF4B-00C04F79EFBC}") = "Tyuiu.KhrapkoDD.Sprint2.Task4.V10.Lib", "Tyuiu.KhrapkoDD.Sprint2.Task4.V10.Lib\Tyuiu.KhrapkoDD.Sprint2.Task4.V10.Lib.csproj", "{BB6F071B-D3AC-4E51-A03D-5B3CFF8A9C86}"
EndProject
Project("{FAE04EC0-301F-11D3-BF4B-00C04F79EFBC}") = "Tyuiu.KhrapkoDD.Sprint2.Task4.V10.Test", "Tyuiu.KhrapkoDD.Sprint2.Task4.V10.Test\Tyuiu.KhrapkoDD.Sprint2.Task4.V10.Test.csproj", "{0A879748-884F-453B-B944-185AD504BE33}"
EndProject
Project("{FAE04EC0-301F-11D3-BF4B-00C04F79EFBC}") = "Tyuiu.KhrapkoDD.Sprint2.Task5.V4", "Tyuiu.KhrapkoDD.Sprint2.Task5.V4\Tyuiu.KhrapkoDD.Sprint2.Task5.V4.csproj", "{EA1EE432-E632-402A-A2B7-1385CC4168C6}"
EndProject
Project("{FAE04EC0-301F-11D3-BF4B-00C04F79EFBC}") = "Tyuiu.KhrapkoDD.Sprint2.Task5.V4.Lib", "Tyuiu.KhrapkoDD.Sprint2.Task5.V4.Lib\Tyuiu.KhrapkoDD.Sprint2.Task5.V4.Lib.csproj", "{4B560EA7-F1BC-4E10-BD04-1035C653EB8B}"
EndProject
Project("{FAE04EC0-301F-11D3-BF4B-00C04F79EFBC}") = "Tyuiu.KhrapkoDD.Sprint2.Task5.V4.Test", "Tyuiu.KhrapkoDD.Sprint2.Task5.V4.Test\Tyuiu.KhrapkoDD.Sprint2.Task5.V4.Test.csproj", "{91EB18CB-706A-4191-BFAD-5DAEF0E8B4E2}"
EndProject
Project("{FAE04EC0-301F-11D3-BF4B-00C04F79EFBC}") = "Tyuiu.KhrapkoDD.Sprint2.Task6.V14", "Tyuiu.KhrapkoDD.Sprint2.Task6.V14\Tyuiu.KhrapkoDD.Sprint2.Task6.V14.csproj", "{80E57949-E36E-42E6-9FEC-3B0503F9E1DF}"
EndProject
Project("{FAE04EC0-301F-11D3-BF4B-00C04F79EFBC}") = "Tyuiu.KhrapkoDD.Sprint2.Task6.V14.Lib", "Tyuiu.KhrapkoDD.Sprint2.Task6.V14.Lib\Tyuiu.KhrapkoDD.Sprint2.Task6.V14.Lib.csproj", "{6F0EDA7E-0F43-49F6-ACAD-0796E7F881C0}"
EndProject
Project("{FAE04EC0-301F-11D3-BF4B-00C04F79EFBC}") = "Tyuiu.KhrapkoDD.Sprint2.Task6.V14.Test", "Tyuiu.KhrapkoDD.Sprint2.Task6.V14.Test\Tyuiu.KhrapkoDD.Sprint2.Task6.V14.Test.csproj", "{59168B75-FD0B-40CC-A9A8-2F8FA0900D56}"
EndProject
Project("{FAE04EC0-301F-11D3-BF4B-00C04F79EFBC}") = "Tyuiu.KhrapkoDD.Sprint2.Task7.V13", "Tyuiu.KhrapkoDD.Sprint2.Task7.V13\Tyuiu.KhrapkoDD.Sprint2.Task7.V13.csproj", "{449AFBFE-8F55-4570-8F7F-BE79233DD840}"
EndProject
Project("{FAE04EC0-301F-11D3-BF4B-00C04F79EFBC}") = "Tyuiu.KhrapkoDD.Sprint2.Task7.V13.Lib", "Tyuiu.KhrapkoDD.Sprint2.Task7.V13.Lib\Tyuiu.KhrapkoDD.Sprint2.Task7.V13.Lib.csproj", "{77AA1BCD-F098-438D-939E-0843304F576C}"
EndProject
Project("{FAE04EC0-301F-11D3-BF4B-00C04F79EFBC}") = "Tyuiu.KhrapkoDD.Sprint2.Task7.V13.Test", "Tyuiu.KhrapkoDD.Sprint2.Task7.V13.Test\Tyuiu.KhrapkoDD.Sprint2.Task7.V13.Test.csproj", "{ACA86672-3A53-4CA5-B4FC-F9D692328647}"
EndProject
Global
	GlobalSection(SolutionConfigurationPlatforms) = preSolution
		Debug|Any CPU = Debug|Any CPU
		Release|Any CPU = Release|Any CPU
	EndGlobalSection
	GlobalSection(ProjectConfigurationPlatforms) = postSolution
		{CDD805B1-AE33-4965-A50F-F84C100D792F}.Debug|Any CPU.ActiveCfg = Debug|Any CPU
		{CDD805B1-AE33-4965-A50F-F84C100D792F}.Debug|Any CPU.Build.0 = Debug|Any CPU
		{CDD805B1-AE33-4965-A50F-F84C100D792F}.Release|Any CPU.ActiveCfg = Release|Any CPU
		{CDD805B1-AE33-4965-A50F-F84C100D792F}.Release|Any CPU.Build.0 = Release|Any CPU
		{344872D7-8E99-4C42-AA58-012DF1DA0C2B}.Debug|Any CPU.ActiveCfg = Debug|Any CPU
		{344872D7-8E99-4C42-AA58-012DF1DA0C2B}.Debug|Any CPU.Build.0 = Debug|Any CPU
		{344872D7-8E99-4C42-AA58-012DF1DA0C2B}.Release|Any CPU.ActiveCfg = Release|Any CPU
		{344872D7-8E99-4C42-AA58-012DF1DA0C2B}.Release|Any CPU.Build.0 = Release|Any CPU
		{11D55BE1-D28B-4DC9-A6A8-4E289EC096ED}.Debug|Any CPU.ActiveCfg = Debug|Any CPU
		{11D55BE1-D28B-4DC9-A6A8-4E289EC096ED}.Debug|Any CPU.Build.0 = Debug|Any CPU
		{11D55BE1-D28B-4DC9-A6A8-4E289EC096ED}.Release|Any CPU.ActiveCfg = Release|Any CPU
		{11D55BE1-D28B-4DC9-A6A8-4E289EC096ED}.Release|Any CPU.Build.0 = Release|Any CPU
		{20A42873-8F6F-4A09-9B55-946CEA19EFB5}.Debug|Any CPU.ActiveCfg = Debug|Any CPU
		{20A42873-8F6F-4A09-9B55-946CEA19EFB5}.Debug|Any CPU.Build.0 = Debug|Any CPU
		{20A42873-8F6F-4A09-9B55-946CEA19EFB5}.Release|Any CPU.ActiveCfg = Release|Any CPU
		{20A42873-8F6F-4A09-9B55-946CEA19EFB5}.Release|Any CPU.Build.0 = Release|Any CPU
		{EF587D7F-3AC5-4CA3-9E2F-C84A21133FAC}.Debug|Any CPU.ActiveCfg = Debug|Any CPU
		{EF587D7F-3AC5-4CA3-9E2F-C84A21133FAC}.Debug|Any CPU.Build.0 = Debug|Any CPU
		{EF587D7F-3AC5-4CA3-9E2F-C84A21133FAC}.Release|Any CPU.ActiveCfg = Release|Any CPU
		{EF587D7F-3AC5-4CA3-9E2F-C84A21133FAC}.Release|Any CPU.Build.0 = Release|Any CPU
		{81C7E2B4-B655-41A6-AFF0-7936C1AF5216}.Debug|Any CPU.ActiveCfg = Debug|Any CPU
		{81C7E2B4-B655-41A6-AFF0-7936C1AF5216}.Debug|Any CPU.Build.0 = Debug|Any CPU
		{81C7E2B4-B655-41A6-AFF0-7936C1AF5216}.Release|Any CPU.ActiveCfg = Release|Any CPU
		{81C7E2B4-B655-41A6-AFF0-7936C1AF5216}.Release|Any CPU.Build.0 = Release|Any CPU
		{84EC327A-0EBB-44B9-B8BC-614DA9B767E7}.Debug|Any CPU.ActiveCfg = Debug|Any CPU
		{84EC327A-0EBB-44B9-B8BC-614DA9B767E7}.Debug|Any CPU.Build.0 = Debug|Any CPU
		{84EC327A-0EBB-44B9-B8BC-614DA9B767E7}.Release|Any CPU.ActiveCfg = Release|Any CPU
		{84EC327A-0EBB-44B9-B8BC-614DA9B767E7}.Release|Any CPU.Build.0 = Release|Any CPU
		{6DAEDC49-AA71-4ACD-BB13-E566EF1A6724}.Debug|Any CPU.ActiveCfg = Debug|Any CPU
		{6DAEDC49-AA71-4ACD-BB13-E566EF1A6724}.Debug|Any CPU.Build.0 = Debug|Any CPU
		{6DAEDC49-AA71-4ACD-BB13-E566EF1A6724}.Release|Any CPU.ActiveCfg = Release|Any CPU
		{6DAEDC49-AA71-4ACD-BB13-E566EF1A6724}.Release|Any CPU.Build.0 = Release|Any CPU
		{37E7E311-985C-414A-90CA-2E5759FAA33F}.Debug|Any CPU.ActiveCfg = Debug|Any CPU
		{37E7E311-985C-414A-90CA-2E5759FAA33F}.Debug|Any CPU.Build.0 = Debug|Any CPU
		{37E7E311-985C-414A-90CA-2E5759FAA33F}.Release|Any CPU.ActiveCfg = Release|Any CPU
		{37E7E311-985C-414A-90CA-2E5759FAA33F}.Release|Any CPU.Build.0 = Release|Any CPU
		{7CC1D19A-8DC1-4075-9935-801BB36AFEF0}.Debug|Any CPU.ActiveCfg = Debug|Any CPU
		{7CC1D19A-8DC1-4075-9935-801BB36AFEF0}.Debug|Any CPU.Build.0 = Debug|Any CPU
		{7CC1D19A-8DC1-4075-9935-801BB36AFEF0}.Release|Any CPU.ActiveCfg = Release|Any CPU
		{7CC1D19A-8DC1-4075-9935-801BB36AFEF0}.Release|Any CPU.Build.0 = Release|Any CPU
		{41660A8E-AD11-4C90-912C-1EF1523EF1A0}.Debug|Any CPU.ActiveCfg = Debug|Any CPU
		{41660A8E-AD11-4C90-912C-1EF1523EF1A0}.Debug|Any CPU.Build.0 = Debug|Any CPU
		{41660A8E-AD11-4C90-912C-1EF1523EF1A0}.Release|Any CPU.ActiveCfg = Release|Any CPU
		{41660A8E-AD11-4C90-912C-1EF1523EF1A0}.Release|Any CPU.Build.0 = Release|Any CPU
		{F5CC4F5F-C62B-4263-A7CC-75E385E4CE7A}.Debug|Any CPU.ActiveCfg = Debug|Any CPU
		{F5CC4F5F-C62B-4263-A7CC-75E385E4CE7A}.Debug|Any CPU.Build.0 = Debug|Any CPU
		{F5CC4F5F-C62B-4263-A7CC-75E385E4CE7A}.Release|Any CPU.ActiveCfg = Release|Any CPU
		{F5CC4F5F-C62B-4263-A7CC-75E385E4CE7A}.Release|Any CPU.Build.0 = Release|Any CPU
		{73C6A8BC-26BC-4347-ADF8-7EA4E2542889}.Debug|Any CPU.ActiveCfg = Debug|Any CPU
		{73C6A8BC-26BC-4347-ADF8-7EA4E2542889}.Debug|Any CPU.Build.0 = Debug|Any CPU
		{73C6A8BC-26BC-4347-ADF8-7EA4E2542889}.Release|Any CPU.ActiveCfg = Release|Any CPU
		{73C6A8BC-26BC-4347-ADF8-7EA4E2542889}.Release|Any CPU.Build.0 = Release|Any CPU
		{BB6F071B-D3AC-4E51-A03D-5B3CFF8A9C86}.Debug|Any CPU.ActiveCfg = Debug|Any CPU
		{BB6F071B-D3AC-4E51-A03D-5B3CFF8A9C86}.Debug|Any CPU.Build.0 = Debug|Any CPU
		{BB6F071B-D3AC-4E51-A03D-5B3CFF8A9C86}.Release|Any CPU.ActiveCfg = Release|Any CPU
		{BB6F071B-D3AC-4E51-A03D-5B3CFF8A9C86}.Release|Any CPU.Build.0 = Release|Any CPU
		{0A879748-884F-453B-B944-185AD504BE33}.Debug|Any CPU.ActiveCfg = Debug|Any CPU
		{0A879748-884F-453B-B944-185AD504BE33}.Debug|Any CPU.Build.0 = Debug|Any CPU
		{0A879748-884F-453B-B944-185AD504BE33}.Release|Any CPU.ActiveCfg = Release|Any CPU
		{0A879748-884F-453B-B944-185AD504BE33}.Release|Any CPU.Build.0 = Release|Any CPU
		{EA1EE432-E632-402A-A2B7-1385CC4168C6}.Debug|Any CPU.ActiveCfg = Debug|Any CPU
		{EA1EE432-E632-402A-A2B7-1385CC4168C6}.Debug|Any CPU.Build.0 = Debug|Any CPU
		{EA1EE432-E632-402A-A2B7-1385CC4168C6}.Release|Any CPU.ActiveCfg = Release|Any CPU
		{EA1EE432-E632-402A-A2B7-1385CC4168C6}.Release|Any CPU.Build.0 = Release|Any CPU
		{4B560EA7-F1BC-4E10-BD04-1035C653EB8B}.Debug|Any CPU.ActiveCfg = Debug|Any CPU
		{4B560EA7-F1BC-4E10-BD04-1035C653EB8B}.Debug|Any CPU.Build.0 = Debug|Any CPU
		{4B560EA7-F1BC-4E10-BD04-1035C653EB8B}.Release|Any CPU.ActiveCfg = Release|Any CPU
		{4B560EA7-F1BC-4E10-BD04-1035C653EB8B}.Release|Any CPU.Build.0 = Release|Any CPU
		{91EB18CB-706A-4191-BFAD-5DAEF0E8B4E2}.Debug|Any CPU.ActiveCfg = Debug|Any CPU
		{91EB18CB-706A-4191-BFAD-5DAEF0E8B4E2}.Debug|Any CPU.Build.0 = Debug|Any CPU
		{91EB18CB-706A-4191-BFAD-5DAEF0E8B4E2}.Release|Any CPU.ActiveCfg = Release|Any CPU
		{91EB18CB-706A-4191-BFAD-5DAEF0E8B4E2}.Release|Any CPU.Build.0 = Release|Any CPU
		{80E57949-E36E-42E6-9FEC-3B0503F9E1DF}.Debug|Any CPU.ActiveCfg = Debug|Any CPU
		{80E57949-E36E-42E6-9FEC-3B0503F9E1DF}.Debug|Any CPU.Build.0 = Debug|Any CPU
		{80E57949-E36E-42E6-9FEC-3B0503F9E1DF}.Release|Any CPU.ActiveCfg = Release|Any CPU
		{80E57949-E36E-42E6-9FEC-3B0503F9E1DF}.Release|Any CPU.Build.0 = Release|Any CPU
		{6F0EDA7E-0F43-49F6-ACAD-0796E7F881C0}.Debug|Any CPU.ActiveCfg = Debug|Any CPU
		{6F0EDA7E-0F43-49F6-ACAD-0796E7F881C0}.Debug|Any CPU.Build.0 = Debug|Any CPU
		{6F0EDA7E-0F43-49F6-ACAD-0796E7F881C0}.Release|Any CPU.ActiveCfg = Release|Any CPU
		{6F0EDA7E-0F43-49F6-ACAD-0796E7F881C0}.Release|Any CPU.Build.0 = Release|Any CPU
		{59168B75-FD0B-40CC-A9A8-2F8FA0900D56}.Debug|Any CPU.ActiveCfg = Debug|Any CPU
		{59168B75-FD0B-40CC-A9A8-2F8FA0900D56}.Debug|Any CPU.Build.0 = Debug|Any CPU
		{59168B75-FD0B-40CC-A9A8-2F8FA0900D56}.Release|Any CPU.ActiveCfg = Release|Any CPU
		{59168B75-FD0B-40CC-A9A8-2F8FA0900D56}.Release|Any CPU.Build.0 = Release|Any CPU
		{449AFBFE-8F55-4570-8F7F-BE79233DD840}.Debug|Any CPU.ActiveCfg = Debug|Any CPU
		{449AFBFE-8F55-4570-8F7F-BE79233DD840}.Debug|Any CPU.Build.0 = Debug|Any CPU
		{449AFBFE-8F55-4570-8F7F-BE79233DD840}.Release|Any CPU.ActiveCfg = Release|Any CPU
		{449AFBFE-8F55-4570-8F7F-BE79233DD840}.Release|Any CPU.Build.0 = Release|Any CPU
		{77AA1BCD-F098-438D-939E-0843304F576C}.Debug|Any CPU.ActiveCfg = Debug|Any CPU
		{77AA1BCD-F098-438D-939E-0843304F576C}.Debug|Any CPU.Build.0 = Debug|Any CPU
		{77AA1BCD-F098-438D-939E-0843304F576C}.Release|Any CPU.ActiveCfg = Release|Any CPU
		{77AA1BCD-F098-438D-939E-0843304F576C}.Release|Any CPU.Build.0 = Release|Any CPU
		{ACA86672-3A53-4CA5-B4FC-F9D692328647}.Debug|Any CPU.ActiveCfg = Debug|Any CPU
		{ACA86672-3A53-4CA5-B4FC-F9D692328647}.Debug|Any CPU.Build.0 = Debug|Any CPU
		{ACA86672-3A53-4CA5-B4FC-F9D692328647}.Release|Any CPU.ActiveCfg = Release|Any CPU
		{ACA86672-3A53-4CA5-B4FC-F9D692328647}.Release|Any CPU.Build.0 = Release|Any CPU
	EndGlobalSection
	GlobalSection(SolutionProperties) = preSolution
		HideSolutionNode = FALSE
	EndGlobalSection
	GlobalSection(NestedProjects) = preSolution
		{CDD805B1-AE33-4965-A50F-F84C100D792F} = {138BA768-07AF-40FE-BF0B-4EF3DD77D638}
		{344872D7-8E99-4C42-AA58-012DF1DA0C2B} = {138BA768-07AF-40FE-BF0B-4EF3DD77D638}
		{11D55BE1-D28B-4DC9-A6A8-4E289EC096ED} = {138BA768-07AF-40FE-BF0B-4EF3DD77D638}
		{20A42873-8F6F-4A09-9B55-946CEA19EFB5} = {521D646E-AE11-4471-AF53-F88937EB712D}
		{EF587D7F-3AC5-4CA3-9E2F-C84A21133FAC} = {521D646E-AE11-4471-AF53-F88937EB712D}
		{81C7E2B4-B655-41A6-AFF0-7936C1AF5216} = {521D646E-AE11-4471-AF53-F88937EB712D}
		{84EC327A-0EBB-44B9-B8BC-614DA9B767E7} = {BC8C10A5-170E-434F-B510-E3E583B28D03}
		{6DAEDC49-AA71-4ACD-BB13-E566EF1A6724} = {BC8C10A5-170E-434F-B510-E3E583B28D03}
		{37E7E311-985C-414A-90CA-2E5759FAA33F} = {BC8C10A5-170E-434F-B510-E3E583B28D03}
		{7CC1D19A-8DC1-4075-9935-801BB36AFEF0} = {D14B0159-809C-439E-8D5D-C9447FC8ECD4}
		{41660A8E-AD11-4C90-912C-1EF1523EF1A0} = {D14B0159-809C-439E-8D5D-C9447FC8ECD4}
		{F5CC4F5F-C62B-4263-A7CC-75E385E4CE7A} = {D14B0159-809C-439E-8D5D-C9447FC8ECD4}
		{73C6A8BC-26BC-4347-ADF8-7EA4E2542889} = {2B4608D3-27F3-449E-B7CE-24AA731121A0}
		{BB6F071B-D3AC-4E51-A03D-5B3CFF8A9C86} = {2B4608D3-27F3-449E-B7CE-24AA731121A0}
		{0A879748-884F-453B-B944-185AD504BE33} = {2B4608D3-27F3-449E-B7CE-24AA731121A0}
		{EA1EE432-E632-402A-A2B7-1385CC4168C6} = {FC3AF2FF-3BEC-48C4-9ECD-8B58B3F5EC1B}
		{4B560EA7-F1BC-4E10-BD04-1035C653EB8B} = {FC3AF2FF-3BEC-48C4-9ECD-8B58B3F5EC1B}
		{91EB18CB-706A-4191-BFAD-5DAEF0E8B4E2} = {FC3AF2FF-3BEC-48C4-9ECD-8B58B3F5EC1B}
		{80E57949-E36E-42E6-9FEC-3B0503F9E1DF} = {18B44396-8C93-476C-8468-17EE3248AF3F}
		{6F0EDA7E-0F43-49F6-ACAD-0796E7F881C0} = {18B44396-8C93-476C-8468-17EE3248AF3F}
		{59168B75-FD0B-40CC-A9A8-2F8FA0900D56} = {18B44396-8C93-476C-8468-17EE3248AF3F}
		{449AFBFE-8F55-4570-8F7F-BE79233DD840} = {B3034FD9-B505-4909-A31C-247F40243F8D}
		{77AA1BCD-F098-438D-939E-0843304F576C} = {B3034FD9-B505-4909-A31C-247F40243F8D}
		{ACA86672-3A53-4CA5-B4FC-F9D692328647} = {B3034FD9-B505-4909-A31C-247F40243F8D}
	EndGlobalSection
	GlobalSection(ExtensibilityGlobals) = postSolution
		SolutionGuid = {F960CB05-FD54-45BA-A357-79E6E1E9F8F8}
	EndGlobalSection
EndGlobal
